// !$*UTF8*$!
{
	archiveVersion = 1;
	classes = {
	};
	objectVersion = 51;
	objects = {

/* Begin PBXBuildFile section */
		2F923B9C2093CD59E57C74A8 /* Pods_CafeManager_CafeManagerUITests.framework in Frameworks */ = {isa = PBXBuildFile; fileRef = F6E93C513B7E1F11966E8EA7 /* Pods_CafeManager_CafeManagerUITests.framework */; };
		4F1C69B22639AEFD0023FB7F /* FirebaseOP.swift in Sources */ = {isa = PBXBuildFile; fileRef = 4F1C69B12639AEFD0023FB7F /* FirebaseOP.swift */; };
		4F1C69B42639BBDD0023FB7F /* GoogleService-Info.plist in Resources */ = {isa = PBXBuildFile; fileRef = 4F1C69B32639BBDD0023FB7F /* GoogleService-Info.plist */; };
		4F1C69B62639BCD50023FB7F /* BaseViewController.swift in Sources */ = {isa = PBXBuildFile; fileRef = 4F1C69B52639BCD50023FB7F /* BaseViewController.swift */; };
		4F1C69BA2639D68E0023FB7F /* FoodViewController.swift in Sources */ = {isa = PBXBuildFile; fileRef = 4F1C69B92639D68E0023FB7F /* FoodViewController.swift */; };
		4F1C69BC2639D6B30023FB7F /* CategoryViewController.swift in Sources */ = {isa = PBXBuildFile; fileRef = 4F1C69BB2639D6B30023FB7F /* CategoryViewController.swift */; };
		4F1C69BE2639D6C40023FB7F /* MenuViewController.swift in Sources */ = {isa = PBXBuildFile; fileRef = 4F1C69BD2639D6C40023FB7F /* MenuViewController.swift */; };
		4F1C69C02639D6ED0023FB7F /* AccountViewController.swift in Sources */ = {isa = PBXBuildFile; fileRef = 4F1C69BF2639D6ED0023FB7F /* AccountViewController.swift */; };
		4F1C69C22639D70B0023FB7F /* OrderViewController.swift in Sources */ = {isa = PBXBuildFile; fileRef = 4F1C69C12639D70B0023FB7F /* OrderViewController.swift */; };
		4F1C69C42639D7220023FB7F /* OrderDetailViewController.swift in Sources */ = {isa = PBXBuildFile; fileRef = 4F1C69C32639D7220023FB7F /* OrderDetailViewController.swift */; };
		4F1C69C62639DE720023FB7F /* StoreViewController.swift in Sources */ = {isa = PBXBuildFile; fileRef = 4F1C69C52639DE720023FB7F /* StoreViewController.swift */; };
		4F1C69C92639E8A30023FB7F /* CategoryCell.swift in Sources */ = {isa = PBXBuildFile; fileRef = 4F1C69C72639E8A30023FB7F /* CategoryCell.swift */; };
		4F1C69CA2639E8A30023FB7F /* CategoryCell.xib in Resources */ = {isa = PBXBuildFile; fileRef = 4F1C69C82639E8A30023FB7F /* CategoryCell.xib */; };
		4F1C69D12639E9D70023FB7F /* FoodItemCell.swift in Sources */ = {isa = PBXBuildFile; fileRef = 4F1C69CF2639E9D70023FB7F /* FoodItemCell.swift */; };
		4F1C69D22639E9D70023FB7F /* FoodItemCell.xib in Resources */ = {isa = PBXBuildFile; fileRef = 4F1C69D02639E9D70023FB7F /* FoodItemCell.xib */; };
		4F1C69D52639EE4D0023FB7F /* OrderSummaryCell.swift in Sources */ = {isa = PBXBuildFile; fileRef = 4F1C69D32639EE4D0023FB7F /* OrderSummaryCell.swift */; };
		4F1C69D62639EE4D0023FB7F /* OrderSummaryCell.xib in Resources */ = {isa = PBXBuildFile; fileRef = 4F1C69D42639EE4D0023FB7F /* OrderSummaryCell.xib */; };
		4F1C69D92639F5300023FB7F /* CategoryTableViewCell.swift in Sources */ = {isa = PBXBuildFile; fileRef = 4F1C69D72639F5300023FB7F /* CategoryTableViewCell.swift */; };
		4F1C69DA2639F5300023FB7F /* CategoryTableViewCell.xib in Resources */ = {isa = PBXBuildFile; fileRef = 4F1C69D82639F5300023FB7F /* CategoryTableViewCell.xib */; };
		4F1C69DD2639F6DC0023FB7F /* OrderItemTableViewCell.swift in Sources */ = {isa = PBXBuildFile; fileRef = 4F1C69DB2639F6DC0023FB7F /* OrderItemTableViewCell.swift */; };
		4F1C69DE2639F6DC0023FB7F /* OrderItemTableViewCell.xib in Resources */ = {isa = PBXBuildFile; fileRef = 4F1C69DC2639F6DC0023FB7F /* OrderItemTableViewCell.xib */; };
		4F30941F2638FDAB00DC6293 /* DoubleUtils.swift in Sources */ = {isa = PBXBuildFile; fileRef = 4F30941E2638FDAB00DC6293 /* DoubleUtils.swift */; };
		4F3094272638FDC500DC6293 /* DateUtil.swift in Sources */ = {isa = PBXBuildFile; fileRef = 4F3094262638FDC500DC6293 /* DateUtil.swift */; };
		4F30942C2638FDF300DC6293 /* TextFieldUtils.swift in Sources */ = {isa = PBXBuildFile; fileRef = 4F30942B2638FDF300DC6293 /* TextFieldUtils.swift */; };
		4F3094312638FE1E00DC6293 /* InputFieldValidator.swift in Sources */ = {isa = PBXBuildFile; fileRef = 4F3094302638FE1E00DC6293 /* InputFieldValidator.swift */; };
		4F3094362638FF9100DC6293 /* SessionManager.swift in Sources */ = {isa = PBXBuildFile; fileRef = 4F3094352638FF9100DC6293 /* SessionManager.swift */; };
		4F30943B2638FFB600DC6293 /* PopupAlerts.swift in Sources */ = {isa = PBXBuildFile; fileRef = 4F30943A2638FFB600DC6293 /* PopupAlerts.swift */; };
		4F3094402638FFDA00DC6293 /* NetworkMonitor.swift in Sources */ = {isa = PBXBuildFile; fileRef = 4F30943F2638FFDA00DC6293 /* NetworkMonitor.swift */; };
		4F3094452638FFFF00DC6293 /* ProgressHUD.swift in Sources */ = {isa = PBXBuildFile; fileRef = 4F3094442638FFFF00DC6293 /* ProgressHUD.swift */; };
		4F30944A2639004400DC6293 /* EntityModel.swift in Sources */ = {isa = PBXBuildFile; fileRef = 4F3094492639004400DC6293 /* EntityModel.swift */; };
		4F309457263900A900DC6293 /* Auth.storyboard in Resources */ = {isa = PBXBuildFile; fileRef = 4F309456263900A900DC6293 /* Auth.storyboard */; };
		4F30945D2639046200DC6293 /* SignInViewController.swift in Sources */ = {isa = PBXBuildFile; fileRef = 4F30945C2639046200DC6293 /* SignInViewController.swift */; };
		4F3094652639046E00DC6293 /* SignUpViewController.swift in Sources */ = {isa = PBXBuildFile; fileRef = 4F3094642639046E00DC6293 /* SignUpViewController.swift */; };
		4F30946A2639047F00DC6293 /* ForgotPasswordViewController.swift in Sources */ = {isa = PBXBuildFile; fileRef = 4F3094692639047F00DC6293 /* ForgotPasswordViewController.swift */; };
		4F544FE2263A5F2B0023D026 /* food.json in Resources */ = {isa = PBXBuildFile; fileRef = 4F544FE0263A5F2A0023D026 /* food.json */; };
		4F544FE3263A5F2B0023D026 /* empty.json in Resources */ = {isa = PBXBuildFile; fileRef = 4F544FE1263A5F2B0023D026 /* empty.json */; };
		4F544FE5263A6B6F0023D026 /* SampleViewController.swift in Sources */ = {isa = PBXBuildFile; fileRef = 4F544FE4263A6B6F0023D026 /* SampleViewController.swift */; };
		4F544FE7263A8CBE0023D026 /* ImageFetcher.swift in Sources */ = {isa = PBXBuildFile; fileRef = 4F544FE6263A8CBE0023D026 /* ImageFetcher.swift */; };
		4F544FEA263AC1F00023D026 /* OrderItemInfoTableViewCell.swift in Sources */ = {isa = PBXBuildFile; fileRef = 4F544FE8263AC1F00023D026 /* OrderItemInfoTableViewCell.swift */; };
		4F544FEB263AC1F00023D026 /* OrderItemInfoTableViewCell.xib in Resources */ = {isa = PBXBuildFile; fileRef = 4F544FE9263AC1F00023D026 /* OrderItemInfoTableViewCell.xib */; };
		4F544FED263ADEB50023D026 /* TableViewUtils.swift in Sources */ = {isa = PBXBuildFile; fileRef = 4F544FEC263ADEB50023D026 /* TableViewUtils.swift */; };
		4F544FEF263AE5BE0023D026 /* PreviewViewController.swift in Sources */ = {isa = PBXBuildFile; fileRef = 4F544FEE263AE5BE0023D026 /* PreviewViewController.swift */; };
		4F544FF1263AEE4D0023D026 /* ViewUtils.swift in Sources */ = {isa = PBXBuildFile; fileRef = 4F544FF0263AEE4D0023D026 /* ViewUtils.swift */; };
		4F545037263B3E210023D026 /* UpdateProfileViewController.swift in Sources */ = {isa = PBXBuildFile; fileRef = 4F545036263B3E210023D026 /* UpdateProfileViewController.swift */; };
		4F545039263B3E330023D026 /* UpdatePasswordViewController.swift in Sources */ = {isa = PBXBuildFile; fileRef = 4F545038263B3E330023D026 /* UpdatePasswordViewController.swift */; };
		4F6E541E2638802E00613F73 /* CustomTextField.swift in Sources */ = {isa = PBXBuildFile; fileRef = 4F6E541D2638802E00613F73 /* CustomTextField.swift */; };
		4F6E54262638804F00613F73 /* RoundButton.swift in Sources */ = {isa = PBXBuildFile; fileRef = 4F6E54252638804F00613F73 /* RoundButton.swift */; };
		4F6E542B2638807500613F73 /* RoundImage.swift in Sources */ = {isa = PBXBuildFile; fileRef = 4F6E542A2638807500613F73 /* RoundImage.swift */; };
		4F6E54302638809D00613F73 /* SpacedLabel.swift in Sources */ = {isa = PBXBuildFile; fileRef = 4F6E542F2638809D00613F73 /* SpacedLabel.swift */; };
		4F6E54362638810200613F73 /* Constraints.swift in Sources */ = {isa = PBXBuildFile; fileRef = 4F6E54352638810200613F73 /* Constraints.swift */; };
		4FC8CCFA26395594004A1D85 /* Montserrat-Medium.ttf in Resources */ = {isa = PBXBuildFile; fileRef = 4FC8CCF626395594004A1D85 /* Montserrat-Medium.ttf */; };
		4FC8CCFB26395594004A1D85 /* Montserrat-Bold.ttf in Resources */ = {isa = PBXBuildFile; fileRef = 4FC8CCF726395594004A1D85 /* Montserrat-Bold.ttf */; };
		4FC8CCFC26395594004A1D85 /* Montserrat-SemiBold.ttf in Resources */ = {isa = PBXBuildFile; fileRef = 4FC8CCF826395594004A1D85 /* Montserrat-SemiBold.ttf */; };
		4FC8CCFD26395594004A1D85 /* Montserrat-Regular.ttf in Resources */ = {isa = PBXBuildFile; fileRef = 4FC8CCF926395594004A1D85 /* Montserrat-Regular.ttf */; };
		4FC8CCFF26395D52004A1D85 /* CircularView.swift in Sources */ = {isa = PBXBuildFile; fileRef = 4FC8CCFE26395D52004A1D85 /* CircularView.swift */; };
		4FE182F6263871DC0020780A /* AppDelegate.swift in Sources */ = {isa = PBXBuildFile; fileRef = 4FE182F5263871DC0020780A /* AppDelegate.swift */; };
		4FE182F8263871DC0020780A /* SceneDelegate.swift in Sources */ = {isa = PBXBuildFile; fileRef = 4FE182F7263871DC0020780A /* SceneDelegate.swift */; };
		4FE182FD263871DC0020780A /* Main.storyboard in Resources */ = {isa = PBXBuildFile; fileRef = 4FE182FB263871DC0020780A /* Main.storyboard */; };
		4FE182FF263871DE0020780A /* Assets.xcassets in Resources */ = {isa = PBXBuildFile; fileRef = 4FE182FE263871DE0020780A /* Assets.xcassets */; };
		4FE18302263871DE0020780A /* LaunchScreen.storyboard in Resources */ = {isa = PBXBuildFile; fileRef = 4FE18300263871DE0020780A /* LaunchScreen.storyboard */; };
		4FE1830D263871DE0020780A /* CafeManagerTests.swift in Sources */ = {isa = PBXBuildFile; fileRef = 4FE1830C263871DE0020780A /* CafeManagerTests.swift */; };
		4FE18318263871DE0020780A /* CafeManagerUITests.swift in Sources */ = {isa = PBXBuildFile; fileRef = 4FE18317263871DE0020780A /* CafeManagerUITests.swift */; };
		78C0D676690B56CCA7753790 /* Pods_CafeManager.framework in Frameworks */ = {isa = PBXBuildFile; fileRef = 185E079C447C1BCF7B6745DE /* Pods_CafeManager.framework */; };
		F77BFE6A4B484835C3254CB7 /* Pods_CafeManagerTests.framework in Frameworks */ = {isa = PBXBuildFile; fileRef = EECD7C95C89B02349D60D2C3 /* Pods_CafeManagerTests.framework */; };
/* End PBXBuildFile section */

/* Begin PBXContainerItemProxy section */
		4FE18309263871DE0020780A /* PBXContainerItemProxy */ = {
			isa = PBXContainerItemProxy;
			containerPortal = 4FE182EA263871DC0020780A /* Project object */;
			proxyType = 1;
			remoteGlobalIDString = 4FE182F1263871DC0020780A;
			remoteInfo = CafeManager;
		};
		4FE18314263871DE0020780A /* PBXContainerItemProxy */ = {
			isa = PBXContainerItemProxy;
			containerPortal = 4FE182EA263871DC0020780A /* Project object */;
			proxyType = 1;
			remoteGlobalIDString = 4FE182F1263871DC0020780A;
			remoteInfo = CafeManager;
		};
/* End PBXContainerItemProxy section */

/* Begin PBXFileReference section */
		185E079C447C1BCF7B6745DE /* Pods_CafeManager.framework */ = {isa = PBXFileReference; explicitFileType = wrapper.framework; includeInIndex = 0; path = Pods_CafeManager.framework; sourceTree = BUILT_PRODUCTS_DIR; };
		21E3C0CDBB3B775A3CC51090 /* Pods-CafeManager.debug.xcconfig */ = {isa = PBXFileReference; includeInIndex = 1; lastKnownFileType = text.xcconfig; name = "Pods-CafeManager.debug.xcconfig"; path = "Target Support Files/Pods-CafeManager/Pods-CafeManager.debug.xcconfig"; sourceTree = "<group>"; };
		4F1C69B12639AEFD0023FB7F /* FirebaseOP.swift */ = {isa = PBXFileReference; lastKnownFileType = sourcecode.swift; path = FirebaseOP.swift; sourceTree = "<group>"; };
		4F1C69B32639BBDD0023FB7F /* GoogleService-Info.plist */ = {isa = PBXFileReference; fileEncoding = 4; lastKnownFileType = text.plist.xml; path = "GoogleService-Info.plist"; sourceTree = "<group>"; };
		4F1C69B52639BCD50023FB7F /* BaseViewController.swift */ = {isa = PBXFileReference; lastKnownFileType = sourcecode.swift; path = BaseViewController.swift; sourceTree = "<group>"; };
		4F1C69B92639D68E0023FB7F /* FoodViewController.swift */ = {isa = PBXFileReference; lastKnownFileType = sourcecode.swift; path = FoodViewController.swift; sourceTree = "<group>"; };
		4F1C69BB2639D6B30023FB7F /* CategoryViewController.swift */ = {isa = PBXFileReference; lastKnownFileType = sourcecode.swift; path = CategoryViewController.swift; sourceTree = "<group>"; };
		4F1C69BD2639D6C40023FB7F /* MenuViewController.swift */ = {isa = PBXFileReference; lastKnownFileType = sourcecode.swift; path = MenuViewController.swift; sourceTree = "<group>"; };
		4F1C69BF2639D6ED0023FB7F /* AccountViewController.swift */ = {isa = PBXFileReference; lastKnownFileType = sourcecode.swift; path = AccountViewController.swift; sourceTree = "<group>"; };
		4F1C69C12639D70B0023FB7F /* OrderViewController.swift */ = {isa = PBXFileReference; lastKnownFileType = sourcecode.swift; path = OrderViewController.swift; sourceTree = "<group>"; };
		4F1C69C32639D7220023FB7F /* OrderDetailViewController.swift */ = {isa = PBXFileReference; lastKnownFileType = sourcecode.swift; path = OrderDetailViewController.swift; sourceTree = "<group>"; };
		4F1C69C52639DE720023FB7F /* StoreViewController.swift */ = {isa = PBXFileReference; lastKnownFileType = sourcecode.swift; path = StoreViewController.swift; sourceTree = "<group>"; };
		4F1C69C72639E8A30023FB7F /* CategoryCell.swift */ = {isa = PBXFileReference; lastKnownFileType = sourcecode.swift; path = CategoryCell.swift; sourceTree = "<group>"; };
		4F1C69C82639E8A30023FB7F /* CategoryCell.xib */ = {isa = PBXFileReference; lastKnownFileType = file.xib; path = CategoryCell.xib; sourceTree = "<group>"; };
		4F1C69CF2639E9D70023FB7F /* FoodItemCell.swift */ = {isa = PBXFileReference; lastKnownFileType = sourcecode.swift; path = FoodItemCell.swift; sourceTree = "<group>"; };
		4F1C69D02639E9D70023FB7F /* FoodItemCell.xib */ = {isa = PBXFileReference; lastKnownFileType = file.xib; path = FoodItemCell.xib; sourceTree = "<group>"; };
		4F1C69D32639EE4D0023FB7F /* OrderSummaryCell.swift */ = {isa = PBXFileReference; lastKnownFileType = sourcecode.swift; path = OrderSummaryCell.swift; sourceTree = "<group>"; };
		4F1C69D42639EE4D0023FB7F /* OrderSummaryCell.xib */ = {isa = PBXFileReference; lastKnownFileType = file.xib; path = OrderSummaryCell.xib; sourceTree = "<group>"; };
		4F1C69D72639F5300023FB7F /* CategoryTableViewCell.swift */ = {isa = PBXFileReference; lastKnownFileType = sourcecode.swift; path = CategoryTableViewCell.swift; sourceTree = "<group>"; };
		4F1C69D82639F5300023FB7F /* CategoryTableViewCell.xib */ = {isa = PBXFileReference; lastKnownFileType = file.xib; path = CategoryTableViewCell.xib; sourceTree = "<group>"; };
		4F1C69DB2639F6DC0023FB7F /* OrderItemTableViewCell.swift */ = {isa = PBXFileReference; lastKnownFileType = sourcecode.swift; path = OrderItemTableViewCell.swift; sourceTree = "<group>"; };
		4F1C69DC2639F6DC0023FB7F /* OrderItemTableViewCell.xib */ = {isa = PBXFileReference; lastKnownFileType = file.xib; path = OrderItemTableViewCell.xib; sourceTree = "<group>"; };
		4F30941E2638FDAB00DC6293 /* DoubleUtils.swift */ = {isa = PBXFileReference; lastKnownFileType = sourcecode.swift; path = DoubleUtils.swift; sourceTree = "<group>"; };
		4F3094262638FDC500DC6293 /* DateUtil.swift */ = {isa = PBXFileReference; lastKnownFileType = sourcecode.swift; path = DateUtil.swift; sourceTree = "<group>"; };
		4F30942B2638FDF300DC6293 /* TextFieldUtils.swift */ = {isa = PBXFileReference; lastKnownFileType = sourcecode.swift; path = TextFieldUtils.swift; sourceTree = "<group>"; };
		4F3094302638FE1E00DC6293 /* InputFieldValidator.swift */ = {isa = PBXFileReference; lastKnownFileType = sourcecode.swift; path = InputFieldValidator.swift; sourceTree = "<group>"; };
		4F3094352638FF9100DC6293 /* SessionManager.swift */ = {isa = PBXFileReference; lastKnownFileType = sourcecode.swift; path = SessionManager.swift; sourceTree = "<group>"; };
		4F30943A2638FFB600DC6293 /* PopupAlerts.swift */ = {isa = PBXFileReference; lastKnownFileType = sourcecode.swift; path = PopupAlerts.swift; sourceTree = "<group>"; };
		4F30943F2638FFDA00DC6293 /* NetworkMonitor.swift */ = {isa = PBXFileReference; lastKnownFileType = sourcecode.swift; path = NetworkMonitor.swift; sourceTree = "<group>"; };
		4F3094442638FFFF00DC6293 /* ProgressHUD.swift */ = {isa = PBXFileReference; lastKnownFileType = sourcecode.swift; path = ProgressHUD.swift; sourceTree = "<group>"; };
		4F3094492639004400DC6293 /* EntityModel.swift */ = {isa = PBXFileReference; lastKnownFileType = sourcecode.swift; path = EntityModel.swift; sourceTree = "<group>"; };
		4F309456263900A900DC6293 /* Auth.storyboard */ = {isa = PBXFileReference; lastKnownFileType = file.storyboard; path = Auth.storyboard; sourceTree = "<group>"; };
		4F30945C2639046200DC6293 /* SignInViewController.swift */ = {isa = PBXFileReference; lastKnownFileType = sourcecode.swift; path = SignInViewController.swift; sourceTree = "<group>"; };
		4F3094642639046E00DC6293 /* SignUpViewController.swift */ = {isa = PBXFileReference; lastKnownFileType = sourcecode.swift; path = SignUpViewController.swift; sourceTree = "<group>"; };
		4F3094692639047F00DC6293 /* ForgotPasswordViewController.swift */ = {isa = PBXFileReference; lastKnownFileType = sourcecode.swift; path = ForgotPasswordViewController.swift; sourceTree = "<group>"; };
		4F544FE0263A5F2A0023D026 /* food.json */ = {isa = PBXFileReference; fileEncoding = 4; lastKnownFileType = text.json; path = food.json; sourceTree = "<group>"; };
		4F544FE1263A5F2B0023D026 /* empty.json */ = {isa = PBXFileReference; fileEncoding = 4; lastKnownFileType = text.json; path = empty.json; sourceTree = "<group>"; };
		4F544FE4263A6B6F0023D026 /* SampleViewController.swift */ = {isa = PBXFileReference; lastKnownFileType = sourcecode.swift; path = SampleViewController.swift; sourceTree = "<group>"; };
		4F544FE6263A8CBE0023D026 /* ImageFetcher.swift */ = {isa = PBXFileReference; lastKnownFileType = sourcecode.swift; path = ImageFetcher.swift; sourceTree = "<group>"; };
		4F544FE8263AC1F00023D026 /* OrderItemInfoTableViewCell.swift */ = {isa = PBXFileReference; lastKnownFileType = sourcecode.swift; path = OrderItemInfoTableViewCell.swift; sourceTree = "<group>"; };
		4F544FE9263AC1F00023D026 /* OrderItemInfoTableViewCell.xib */ = {isa = PBXFileReference; lastKnownFileType = file.xib; path = OrderItemInfoTableViewCell.xib; sourceTree = "<group>"; };
		4F544FEC263ADEB50023D026 /* TableViewUtils.swift */ = {isa = PBXFileReference; lastKnownFileType = sourcecode.swift; path = TableViewUtils.swift; sourceTree = "<group>"; };
		4F544FEE263AE5BE0023D026 /* PreviewViewController.swift */ = {isa = PBXFileReference; lastKnownFileType = sourcecode.swift; path = PreviewViewController.swift; sourceTree = "<group>"; };
		4F544FF0263AEE4D0023D026 /* ViewUtils.swift */ = {isa = PBXFileReference; lastKnownFileType = sourcecode.swift; path = ViewUtils.swift; sourceTree = "<group>"; };
		4F545036263B3E210023D026 /* UpdateProfileViewController.swift */ = {isa = PBXFileReference; lastKnownFileType = sourcecode.swift; path = UpdateProfileViewController.swift; sourceTree = "<group>"; };
		4F545038263B3E330023D026 /* UpdatePasswordViewController.swift */ = {isa = PBXFileReference; lastKnownFileType = sourcecode.swift; path = UpdatePasswordViewController.swift; sourceTree = "<group>"; };
		4F6E541D2638802E00613F73 /* CustomTextField.swift */ = {isa = PBXFileReference; lastKnownFileType = sourcecode.swift; path = CustomTextField.swift; sourceTree = "<group>"; };
		4F6E54252638804F00613F73 /* RoundButton.swift */ = {isa = PBXFileReference; lastKnownFileType = sourcecode.swift; path = RoundButton.swift; sourceTree = "<group>"; };
		4F6E542A2638807500613F73 /* RoundImage.swift */ = {isa = PBXFileReference; lastKnownFileType = sourcecode.swift; path = RoundImage.swift; sourceTree = "<group>"; };
		4F6E542F2638809D00613F73 /* SpacedLabel.swift */ = {isa = PBXFileReference; lastKnownFileType = sourcecode.swift; path = SpacedLabel.swift; sourceTree = "<group>"; };
		4F6E54352638810200613F73 /* Constraints.swift */ = {isa = PBXFileReference; lastKnownFileType = sourcecode.swift; path = Constraints.swift; sourceTree = "<group>"; };
		4FC8CCF626395594004A1D85 /* Montserrat-Medium.ttf */ = {isa = PBXFileReference; lastKnownFileType = file; path = "Montserrat-Medium.ttf"; sourceTree = "<group>"; };
		4FC8CCF726395594004A1D85 /* Montserrat-Bold.ttf */ = {isa = PBXFileReference; lastKnownFileType = file; path = "Montserrat-Bold.ttf"; sourceTree = "<group>"; };
		4FC8CCF826395594004A1D85 /* Montserrat-SemiBold.ttf */ = {isa = PBXFileReference; lastKnownFileType = file; path = "Montserrat-SemiBold.ttf"; sourceTree = "<group>"; };
		4FC8CCF926395594004A1D85 /* Montserrat-Regular.ttf */ = {isa = PBXFileReference; lastKnownFileType = file; path = "Montserrat-Regular.ttf"; sourceTree = "<group>"; };
		4FC8CCFE26395D52004A1D85 /* CircularView.swift */ = {isa = PBXFileReference; lastKnownFileType = sourcecode.swift; path = CircularView.swift; sourceTree = "<group>"; };
		4FE182F2263871DC0020780A /* CafeManager.app */ = {isa = PBXFileReference; explicitFileType = wrapper.application; includeInIndex = 0; path = CafeManager.app; sourceTree = BUILT_PRODUCTS_DIR; };
		4FE182F5263871DC0020780A /* AppDelegate.swift */ = {isa = PBXFileReference; lastKnownFileType = sourcecode.swift; path = AppDelegate.swift; sourceTree = "<group>"; };
		4FE182F7263871DC0020780A /* SceneDelegate.swift */ = {isa = PBXFileReference; lastKnownFileType = sourcecode.swift; path = SceneDelegate.swift; sourceTree = "<group>"; };
		4FE182FC263871DC0020780A /* Base */ = {isa = PBXFileReference; lastKnownFileType = file.storyboard; name = Base; path = Base.lproj/Main.storyboard; sourceTree = "<group>"; };
		4FE182FE263871DE0020780A /* Assets.xcassets */ = {isa = PBXFileReference; lastKnownFileType = folder.assetcatalog; path = Assets.xcassets; sourceTree = "<group>"; };
		4FE18301263871DE0020780A /* Base */ = {isa = PBXFileReference; lastKnownFileType = file.storyboard; name = Base; path = Base.lproj/LaunchScreen.storyboard; sourceTree = "<group>"; };
		4FE18303263871DE0020780A /* Info.plist */ = {isa = PBXFileReference; lastKnownFileType = text.plist.xml; path = Info.plist; sourceTree = "<group>"; };
		4FE18308263871DE0020780A /* CafeManagerTests.xctest */ = {isa = PBXFileReference; explicitFileType = wrapper.cfbundle; includeInIndex = 0; path = CafeManagerTests.xctest; sourceTree = BUILT_PRODUCTS_DIR; };
		4FE1830C263871DE0020780A /* CafeManagerTests.swift */ = {isa = PBXFileReference; lastKnownFileType = sourcecode.swift; path = CafeManagerTests.swift; sourceTree = "<group>"; };
		4FE1830E263871DE0020780A /* Info.plist */ = {isa = PBXFileReference; lastKnownFileType = text.plist.xml; path = Info.plist; sourceTree = "<group>"; };
		4FE18313263871DE0020780A /* CafeManagerUITests.xctest */ = {isa = PBXFileReference; explicitFileType = wrapper.cfbundle; includeInIndex = 0; path = CafeManagerUITests.xctest; sourceTree = BUILT_PRODUCTS_DIR; };
		4FE18317263871DE0020780A /* CafeManagerUITests.swift */ = {isa = PBXFileReference; lastKnownFileType = sourcecode.swift; path = CafeManagerUITests.swift; sourceTree = "<group>"; };
		4FE18319263871DE0020780A /* Info.plist */ = {isa = PBXFileReference; lastKnownFileType = text.plist.xml; path = Info.plist; sourceTree = "<group>"; };
		64B89CF4421F960492483852 /* Pods-CafeManager-CafeManagerUITests.debug.xcconfig */ = {isa = PBXFileReference; includeInIndex = 1; lastKnownFileType = text.xcconfig; name = "Pods-CafeManager-CafeManagerUITests.debug.xcconfig"; path = "Target Support Files/Pods-CafeManager-CafeManagerUITests/Pods-CafeManager-CafeManagerUITests.debug.xcconfig"; sourceTree = "<group>"; };
		A4BF2F4303A58C693378EA69 /* Pods-CafeManagerTests.debug.xcconfig */ = {isa = PBXFileReference; includeInIndex = 1; lastKnownFileType = text.xcconfig; name = "Pods-CafeManagerTests.debug.xcconfig"; path = "Target Support Files/Pods-CafeManagerTests/Pods-CafeManagerTests.debug.xcconfig"; sourceTree = "<group>"; };
		AA0FF48290D8F85BAC9341BB /* Pods-CafeManager-CafeManagerUITests.release.xcconfig */ = {isa = PBXFileReference; includeInIndex = 1; lastKnownFileType = text.xcconfig; name = "Pods-CafeManager-CafeManagerUITests.release.xcconfig"; path = "Target Support Files/Pods-CafeManager-CafeManagerUITests/Pods-CafeManager-CafeManagerUITests.release.xcconfig"; sourceTree = "<group>"; };
		C25F2EC656557422F85745A2 /* Pods-CafeManager.release.xcconfig */ = {isa = PBXFileReference; includeInIndex = 1; lastKnownFileType = text.xcconfig; name = "Pods-CafeManager.release.xcconfig"; path = "Target Support Files/Pods-CafeManager/Pods-CafeManager.release.xcconfig"; sourceTree = "<group>"; };
		ED1CADF40EE21932448530DB /* Pods-CafeManagerTests.release.xcconfig */ = {isa = PBXFileReference; includeInIndex = 1; lastKnownFileType = text.xcconfig; name = "Pods-CafeManagerTests.release.xcconfig"; path = "Target Support Files/Pods-CafeManagerTests/Pods-CafeManagerTests.release.xcconfig"; sourceTree = "<group>"; };
		EECD7C95C89B02349D60D2C3 /* Pods_CafeManagerTests.framework */ = {isa = PBXFileReference; explicitFileType = wrapper.framework; includeInIndex = 0; path = Pods_CafeManagerTests.framework; sourceTree = BUILT_PRODUCTS_DIR; };
		F6E93C513B7E1F11966E8EA7 /* Pods_CafeManager_CafeManagerUITests.framework */ = {isa = PBXFileReference; explicitFileType = wrapper.framework; includeInIndex = 0; path = Pods_CafeManager_CafeManagerUITests.framework; sourceTree = BUILT_PRODUCTS_DIR; };
/* End PBXFileReference section */

/* Begin PBXFrameworksBuildPhase section */
		4FE182EF263871DC0020780A /* Frameworks */ = {
			isa = PBXFrameworksBuildPhase;
			buildActionMask = 2147483647;
			files = (
				78C0D676690B56CCA7753790 /* Pods_CafeManager.framework in Frameworks */,
			);
			runOnlyForDeploymentPostprocessing = 0;
		};
		4FE18305263871DE0020780A /* Frameworks */ = {
			isa = PBXFrameworksBuildPhase;
			buildActionMask = 2147483647;
			files = (
				F77BFE6A4B484835C3254CB7 /* Pods_CafeManagerTests.framework in Frameworks */,
			);
			runOnlyForDeploymentPostprocessing = 0;
		};
		4FE18310263871DE0020780A /* Frameworks */ = {
			isa = PBXFrameworksBuildPhase;
			buildActionMask = 2147483647;
			files = (
				2F923B9C2093CD59E57C74A8 /* Pods_CafeManager_CafeManagerUITests.framework in Frameworks */,
			);
			runOnlyForDeploymentPostprocessing = 0;
		};
/* End PBXFrameworksBuildPhase section */

/* Begin PBXGroup section */
		37374B12B0EE76DA338CF4FA /* Pods */ = {
			isa = PBXGroup;
			children = (
				21E3C0CDBB3B775A3CC51090 /* Pods-CafeManager.debug.xcconfig */,
				C25F2EC656557422F85745A2 /* Pods-CafeManager.release.xcconfig */,
				64B89CF4421F960492483852 /* Pods-CafeManager-CafeManagerUITests.debug.xcconfig */,
				AA0FF48290D8F85BAC9341BB /* Pods-CafeManager-CafeManagerUITests.release.xcconfig */,
				A4BF2F4303A58C693378EA69 /* Pods-CafeManagerTests.debug.xcconfig */,
				ED1CADF40EE21932448530DB /* Pods-CafeManagerTests.release.xcconfig */,
			);
			path = Pods;
			sourceTree = "<group>";
		};
		4F1C69B02639AEE30023FB7F /* Firebase */ = {
			isa = PBXGroup;
			children = (
				4F1C69B12639AEFD0023FB7F /* FirebaseOP.swift */,
			);
			path = Firebase;
			sourceTree = "<group>";
		};
		4F1C69B72639D6720023FB7F /* Home */ = {
			isa = PBXGroup;
			children = (
				4F545035263B3DDE0023D026 /* Order */,
				4F545034263B3DC70023D026 /* Account */,
				4F1C69B82639D6790023FB7F /* Store */,
			);
			path = Home;
			sourceTree = "<group>";
		};
		4F1C69B82639D6790023FB7F /* Store */ = {
			isa = PBXGroup;
			children = (
				4F1C69C52639DE720023FB7F /* StoreViewController.swift */,
				4F1C69B92639D68E0023FB7F /* FoodViewController.swift */,
				4F1C69BB2639D6B30023FB7F /* CategoryViewController.swift */,
				4F1C69BD2639D6C40023FB7F /* MenuViewController.swift */,
			);
			path = Store;
			sourceTree = "<group>";
		};
		4F3094102638F5FC00DC6293 /* Model */ = {
			isa = PBXGroup;
			children = (
				4F3094492639004400DC6293 /* EntityModel.swift */,
			);
			path = Model;
			sourceTree = "<group>";
		};
		4F3094112638F60300DC6293 /* View */ = {
			isa = PBXGroup;
			children = (
				4F3094172638FCB900DC6293 /* Xib */,
				4F3094162638FCB300DC6293 /* Main */,
			);
			path = View;
			sourceTree = "<group>";
		};
		4F3094122638F60C00DC6293 /* Controller */ = {
			isa = PBXGroup;
			children = (
				4F3094192638FCCD00DC6293 /* Xib */,
				4F3094182638FCC700DC6293 /* Main */,
				4F1C69B52639BCD50023FB7F /* BaseViewController.swift */,
				4F544FE4263A6B6F0023D026 /* SampleViewController.swift */,
			);
			path = Controller;
			sourceTree = "<group>";
		};
		4F3094162638FCB300DC6293 /* Main */ = {
			isa = PBXGroup;
			children = (
				4FE182FB263871DC0020780A /* Main.storyboard */,
				4F309456263900A900DC6293 /* Auth.storyboard */,
			);
			path = Main;
			sourceTree = "<group>";
		};
		4F3094172638FCB900DC6293 /* Xib */ = {
			isa = PBXGroup;
			children = (
				4F1C69C82639E8A30023FB7F /* CategoryCell.xib */,
				4F1C69D02639E9D70023FB7F /* FoodItemCell.xib */,
				4F1C69D42639EE4D0023FB7F /* OrderSummaryCell.xib */,
				4F1C69D82639F5300023FB7F /* CategoryTableViewCell.xib */,
				4F1C69DC2639F6DC0023FB7F /* OrderItemTableViewCell.xib */,
				4F544FE9263AC1F00023D026 /* OrderItemInfoTableViewCell.xib */,
			);
			path = Xib;
			sourceTree = "<group>";
		};
		4F3094182638FCC700DC6293 /* Main */ = {
			isa = PBXGroup;
			children = (
				4F1C69B72639D6720023FB7F /* Home */,
				4F30945B2639044A00DC6293 /* Auth */,
			);
			path = Main;
			sourceTree = "<group>";
		};
		4F3094192638FCCD00DC6293 /* Xib */ = {
			isa = PBXGroup;
			children = (
				4F1C69C72639E8A30023FB7F /* CategoryCell.swift */,
				4F1C69CF2639E9D70023FB7F /* FoodItemCell.swift */,
				4F1C69D32639EE4D0023FB7F /* OrderSummaryCell.swift */,
				4F1C69D72639F5300023FB7F /* CategoryTableViewCell.swift */,
				4F1C69DB2639F6DC0023FB7F /* OrderItemTableViewCell.swift */,
				4F544FE8263AC1F00023D026 /* OrderItemInfoTableViewCell.swift */,
			);
			path = Xib;
			sourceTree = "<group>";
		};
		4F30941D2638FD8A00DC6293 /* Components */ = {
			isa = PBXGroup;
			children = (
				4F30941E2638FDAB00DC6293 /* DoubleUtils.swift */,
				4F3094262638FDC500DC6293 /* DateUtil.swift */,
				4F30942B2638FDF300DC6293 /* TextFieldUtils.swift */,
				4F3094302638FE1E00DC6293 /* InputFieldValidator.swift */,
				4F3094352638FF9100DC6293 /* SessionManager.swift */,
				4F30943A2638FFB600DC6293 /* PopupAlerts.swift */,
				4F30943F2638FFDA00DC6293 /* NetworkMonitor.swift */,
				4F3094442638FFFF00DC6293 /* ProgressHUD.swift */,
				4FC8CCFE26395D52004A1D85 /* CircularView.swift */,
				4F544FE6263A8CBE0023D026 /* ImageFetcher.swift */,
				4F544FEC263ADEB50023D026 /* TableViewUtils.swift */,
				4F544FF0263AEE4D0023D026 /* ViewUtils.swift */,
			);
			path = Components;
			sourceTree = "<group>";
		};
		4F30945B2639044A00DC6293 /* Auth */ = {
			isa = PBXGroup;
			children = (
				4F30945C2639046200DC6293 /* SignInViewController.swift */,
				4F3094642639046E00DC6293 /* SignUpViewController.swift */,
				4F3094692639047F00DC6293 /* ForgotPasswordViewController.swift */,
			);
			path = Auth;
			sourceTree = "<group>";
		};
		4F544FDF263A5F130023D026 /* AnimRes */ = {
			isa = PBXGroup;
			children = (
				4F544FE1263A5F2B0023D026 /* empty.json */,
				4F544FE0263A5F2A0023D026 /* food.json */,
			);
			path = AnimRes;
			sourceTree = "<group>";
		};
		4F545034263B3DC70023D026 /* Account */ = {
			isa = PBXGroup;
			children = (
				4F1C69BF2639D6ED0023FB7F /* AccountViewController.swift */,
				4F544FEE263AE5BE0023D026 /* PreviewViewController.swift */,
				4F545036263B3E210023D026 /* UpdateProfileViewController.swift */,
				4F545038263B3E330023D026 /* UpdatePasswordViewController.swift */,
			);
			path = Account;
			sourceTree = "<group>";
		};
		4F545035263B3DDE0023D026 /* Order */ = {
			isa = PBXGroup;
			children = (
				4F1C69C32639D7220023FB7F /* OrderDetailViewController.swift */,
				4F1C69C12639D70B0023FB7F /* OrderViewController.swift */,
			);
			path = Order;
			sourceTree = "<group>";
		};
		4F6E541B2638801200613F73 /* Util */ = {
			isa = PBXGroup;
			children = (
				4F1C69B02639AEE30023FB7F /* Firebase */,
				4F30941D2638FD8A00DC6293 /* Components */,
				4F6E5434263880EC00613F73 /* Constraints */,
				4F6E541C2638801900613F73 /* CustomViews */,
			);
			path = Util;
			sourceTree = "<group>";
		};
		4F6E541C2638801900613F73 /* CustomViews */ = {
			isa = PBXGroup;
			children = (
				4F6E541D2638802E00613F73 /* CustomTextField.swift */,
				4F6E54252638804F00613F73 /* RoundButton.swift */,
				4F6E542A2638807500613F73 /* RoundImage.swift */,
				4F6E542F2638809D00613F73 /* SpacedLabel.swift */,
			);
			path = CustomViews;
			sourceTree = "<group>";
		};
		4F6E5434263880EC00613F73 /* Constraints */ = {
			isa = PBXGroup;
			children = (
				4F6E54352638810200613F73 /* Constraints.swift */,
			);
			path = Constraints;
			sourceTree = "<group>";
		};
		4FC8CCF526395545004A1D85 /* Fonts */ = {
			isa = PBXGroup;
			children = (
				4FC8CCF726395594004A1D85 /* Montserrat-Bold.ttf */,
				4FC8CCF626395594004A1D85 /* Montserrat-Medium.ttf */,
				4FC8CCF926395594004A1D85 /* Montserrat-Regular.ttf */,
				4FC8CCF826395594004A1D85 /* Montserrat-SemiBold.ttf */,
			);
			path = Fonts;
			sourceTree = "<group>";
		};
		4FE182E9263871DC0020780A = {
			isa = PBXGroup;
			children = (
				4FE182F4263871DC0020780A /* CafeManager */,
				4FE1830B263871DE0020780A /* CafeManagerTests */,
				4FE18316263871DE0020780A /* CafeManagerUITests */,
				4FE182F3263871DC0020780A /* Products */,
				37374B12B0EE76DA338CF4FA /* Pods */,
				8772734E0632C3295FCB01F0 /* Frameworks */,
			);
			sourceTree = "<group>";
		};
		4FE182F3263871DC0020780A /* Products */ = {
			isa = PBXGroup;
			children = (
				4FE182F2263871DC0020780A /* CafeManager.app */,
				4FE18308263871DE0020780A /* CafeManagerTests.xctest */,
				4FE18313263871DE0020780A /* CafeManagerUITests.xctest */,
			);
			name = Products;
			sourceTree = "<group>";
		};
		4FE182F4263871DC0020780A /* CafeManager */ = {
			isa = PBXGroup;
			children = (
				4F544FDF263A5F130023D026 /* AnimRes */,
				4F1C69B32639BBDD0023FB7F /* GoogleService-Info.plist */,
				4FC8CCF526395545004A1D85 /* Fonts */,
				4F3094122638F60C00DC6293 /* Controller */,
				4F3094112638F60300DC6293 /* View */,
				4F3094102638F5FC00DC6293 /* Model */,
				4F6E541B2638801200613F73 /* Util */,
				4FE182F5263871DC0020780A /* AppDelegate.swift */,
				4FE182F7263871DC0020780A /* SceneDelegate.swift */,
				4FE182FE263871DE0020780A /* Assets.xcassets */,
				4FE18300263871DE0020780A /* LaunchScreen.storyboard */,
				4FE18303263871DE0020780A /* Info.plist */,
			);
			path = CafeManager;
			sourceTree = "<group>";
		};
		4FE1830B263871DE0020780A /* CafeManagerTests */ = {
			isa = PBXGroup;
			children = (
				4FE1830C263871DE0020780A /* CafeManagerTests.swift */,
				4FE1830E263871DE0020780A /* Info.plist */,
			);
			path = CafeManagerTests;
			sourceTree = "<group>";
		};
		4FE18316263871DE0020780A /* CafeManagerUITests */ = {
			isa = PBXGroup;
			children = (
				4FE18317263871DE0020780A /* CafeManagerUITests.swift */,
				4FE18319263871DE0020780A /* Info.plist */,
			);
			path = CafeManagerUITests;
			sourceTree = "<group>";
		};
		8772734E0632C3295FCB01F0 /* Frameworks */ = {
			isa = PBXGroup;
			children = (
				185E079C447C1BCF7B6745DE /* Pods_CafeManager.framework */,
				F6E93C513B7E1F11966E8EA7 /* Pods_CafeManager_CafeManagerUITests.framework */,
				EECD7C95C89B02349D60D2C3 /* Pods_CafeManagerTests.framework */,
			);
			name = Frameworks;
			sourceTree = "<group>";
		};
/* End PBXGroup section */

/* Begin PBXNativeTarget section */
		4FE182F1263871DC0020780A /* CafeManager */ = {
			isa = PBXNativeTarget;
			buildConfigurationList = 4FE1831C263871DE0020780A /* Build configuration list for PBXNativeTarget "CafeManager" */;
			buildPhases = (
				BF28A48A91CCF4CA0C4E0D7B /* [CP] Check Pods Manifest.lock */,
				4FE182EE263871DC0020780A /* Sources */,
				4FE182EF263871DC0020780A /* Frameworks */,
				4FE182F0263871DC0020780A /* Resources */,
				165EDA26ED81849EDBAD0D98 /* [CP] Embed Pods Frameworks */,
			);
			buildRules = (
			);
			dependencies = (
			);
			name = CafeManager;
			productName = CafeManager;
			productReference = 4FE182F2263871DC0020780A /* CafeManager.app */;
			productType = "com.apple.product-type.application";
		};
		4FE18307263871DE0020780A /* CafeManagerTests */ = {
			isa = PBXNativeTarget;
			buildConfigurationList = 4FE1831F263871DE0020780A /* Build configuration list for PBXNativeTarget "CafeManagerTests" */;
			buildPhases = (
				697E02778A31565219AFC533 /* [CP] Check Pods Manifest.lock */,
				4FE18304263871DE0020780A /* Sources */,
				4FE18305263871DE0020780A /* Frameworks */,
				4FE18306263871DE0020780A /* Resources */,
			);
			buildRules = (
			);
			dependencies = (
				4FE1830A263871DE0020780A /* PBXTargetDependency */,
			);
			name = CafeManagerTests;
			productName = CafeManagerTests;
			productReference = 4FE18308263871DE0020780A /* CafeManagerTests.xctest */;
			productType = "com.apple.product-type.bundle.unit-test";
		};
		4FE18312263871DE0020780A /* CafeManagerUITests */ = {
			isa = PBXNativeTarget;
			buildConfigurationList = 4FE18322263871DE0020780A /* Build configuration list for PBXNativeTarget "CafeManagerUITests" */;
			buildPhases = (
				C604BE228F5D65B27B451609 /* [CP] Check Pods Manifest.lock */,
				4FE1830F263871DE0020780A /* Sources */,
				4FE18310263871DE0020780A /* Frameworks */,
				4FE18311263871DE0020780A /* Resources */,
				7017352731F0C2885CD5D501 /* [CP] Embed Pods Frameworks */,
			);
			buildRules = (
			);
			dependencies = (
				4FE18315263871DE0020780A /* PBXTargetDependency */,
			);
			name = CafeManagerUITests;
			productName = CafeManagerUITests;
			productReference = 4FE18313263871DE0020780A /* CafeManagerUITests.xctest */;
			productType = "com.apple.product-type.bundle.ui-testing";
		};
/* End PBXNativeTarget section */

/* Begin PBXProject section */
		4FE182EA263871DC0020780A /* Project object */ = {
			isa = PBXProject;
			attributes = {
				LastSwiftUpdateCheck = 1240;
				LastUpgradeCheck = 1240;
				TargetAttributes = {
					4FE182F1263871DC0020780A = {
						CreatedOnToolsVersion = 12.4;
					};
					4FE18307263871DE0020780A = {
						CreatedOnToolsVersion = 12.4;
						TestTargetID = 4FE182F1263871DC0020780A;
					};
					4FE18312263871DE0020780A = {
						CreatedOnToolsVersion = 12.4;
						TestTargetID = 4FE182F1263871DC0020780A;
					};
				};
			};
			buildConfigurationList = 4FE182ED263871DC0020780A /* Build configuration list for PBXProject "CafeManager" */;
			compatibilityVersion = "Xcode 9.3";
			developmentRegion = en;
			hasScannedForEncodings = 0;
			knownRegions = (
				en,
				Base,
			);
			mainGroup = 4FE182E9263871DC0020780A;
			productRefGroup = 4FE182F3263871DC0020780A /* Products */;
			projectDirPath = "";
			projectRoot = "";
			targets = (
				4FE182F1263871DC0020780A /* CafeManager */,
				4FE18307263871DE0020780A /* CafeManagerTests */,
				4FE18312263871DE0020780A /* CafeManagerUITests */,
			);
		};
/* End PBXProject section */

/* Begin PBXResourcesBuildPhase section */
		4FE182F0263871DC0020780A /* Resources */ = {
			isa = PBXResourcesBuildPhase;
			buildActionMask = 2147483647;
			files = (
				4FC8CCFD26395594004A1D85 /* Montserrat-Regular.ttf in Resources */,
				4F544FE3263A5F2B0023D026 /* empty.json in Resources */,
				4F1C69DE2639F6DC0023FB7F /* OrderItemTableViewCell.xib in Resources */,
				4F309457263900A900DC6293 /* Auth.storyboard in Resources */,
				4FC8CCFA26395594004A1D85 /* Montserrat-Medium.ttf in Resources */,
				4F544FEB263AC1F00023D026 /* OrderItemInfoTableViewCell.xib in Resources */,
				4F1C69D62639EE4D0023FB7F /* OrderSummaryCell.xib in Resources */,
				4FC8CCFB26395594004A1D85 /* Montserrat-Bold.ttf in Resources */,
				4FC8CCFC26395594004A1D85 /* Montserrat-SemiBold.ttf in Resources */,
				4F1C69CA2639E8A30023FB7F /* CategoryCell.xib in Resources */,
				4F1C69D22639E9D70023FB7F /* FoodItemCell.xib in Resources */,
				4F1C69DA2639F5300023FB7F /* CategoryTableViewCell.xib in Resources */,
				4FE18302263871DE0020780A /* LaunchScreen.storyboard in Resources */,
				4FE182FF263871DE0020780A /* Assets.xcassets in Resources */,
				4F544FE2263A5F2B0023D026 /* food.json in Resources */,
				4FE182FD263871DC0020780A /* Main.storyboard in Resources */,
				4F1C69B42639BBDD0023FB7F /* GoogleService-Info.plist in Resources */,
			);
			runOnlyForDeploymentPostprocessing = 0;
		};
		4FE18306263871DE0020780A /* Resources */ = {
			isa = PBXResourcesBuildPhase;
			buildActionMask = 2147483647;
			files = (
			);
			runOnlyForDeploymentPostprocessing = 0;
		};
		4FE18311263871DE0020780A /* Resources */ = {
			isa = PBXResourcesBuildPhase;
			buildActionMask = 2147483647;
			files = (
			);
			runOnlyForDeploymentPostprocessing = 0;
		};
/* End PBXResourcesBuildPhase section */

/* Begin PBXShellScriptBuildPhase section */
		165EDA26ED81849EDBAD0D98 /* [CP] Embed Pods Frameworks */ = {
			isa = PBXShellScriptBuildPhase;
			buildActionMask = 2147483647;
			files = (
			);
			inputFileListPaths = (
				"${PODS_ROOT}/Target Support Files/Pods-CafeManager/Pods-CafeManager-frameworks-${CONFIGURATION}-input-files.xcfilelist",
			);
			name = "[CP] Embed Pods Frameworks";
			outputFileListPaths = (
				"${PODS_ROOT}/Target Support Files/Pods-CafeManager/Pods-CafeManager-frameworks-${CONFIGURATION}-output-files.xcfilelist",
			);
			runOnlyForDeploymentPostprocessing = 0;
			shellPath = /bin/sh;
			shellScript = "\"${PODS_ROOT}/Target Support Files/Pods-CafeManager/Pods-CafeManager-frameworks.sh\"\n";
			showEnvVarsInLog = 0;
		};
		697E02778A31565219AFC533 /* [CP] Check Pods Manifest.lock */ = {
			isa = PBXShellScriptBuildPhase;
			buildActionMask = 2147483647;
			files = (
			);
			inputFileListPaths = (
			);
			inputPaths = (
				"${PODS_PODFILE_DIR_PATH}/Podfile.lock",
				"${PODS_ROOT}/Manifest.lock",
			);
			name = "[CP] Check Pods Manifest.lock";
			outputFileListPaths = (
			);
			outputPaths = (
				"$(DERIVED_FILE_DIR)/Pods-CafeManagerTests-checkManifestLockResult.txt",
			);
			runOnlyForDeploymentPostprocessing = 0;
			shellPath = /bin/sh;
			shellScript = "diff \"${PODS_PODFILE_DIR_PATH}/Podfile.lock\" \"${PODS_ROOT}/Manifest.lock\" > /dev/null\nif [ $? != 0 ] ; then\n    # print error to STDERR\n    echo \"error: The sandbox is not in sync with the Podfile.lock. Run 'pod install' or update your CocoaPods installation.\" >&2\n    exit 1\nfi\n# This output is used by Xcode 'outputs' to avoid re-running this script phase.\necho \"SUCCESS\" > \"${SCRIPT_OUTPUT_FILE_0}\"\n";
			showEnvVarsInLog = 0;
		};
		7017352731F0C2885CD5D501 /* [CP] Embed Pods Frameworks */ = {
			isa = PBXShellScriptBuildPhase;
			buildActionMask = 2147483647;
			files = (
			);
			inputFileListPaths = (
				"${PODS_ROOT}/Target Support Files/Pods-CafeManager-CafeManagerUITests/Pods-CafeManager-CafeManagerUITests-frameworks-${CONFIGURATION}-input-files.xcfilelist",
			);
			name = "[CP] Embed Pods Frameworks";
			outputFileListPaths = (
				"${PODS_ROOT}/Target Support Files/Pods-CafeManager-CafeManagerUITests/Pods-CafeManager-CafeManagerUITests-frameworks-${CONFIGURATION}-output-files.xcfilelist",
			);
			runOnlyForDeploymentPostprocessing = 0;
			shellPath = /bin/sh;
			shellScript = "\"${PODS_ROOT}/Target Support Files/Pods-CafeManager-CafeManagerUITests/Pods-CafeManager-CafeManagerUITests-frameworks.sh\"\n";
			showEnvVarsInLog = 0;
		};
		BF28A48A91CCF4CA0C4E0D7B /* [CP] Check Pods Manifest.lock */ = {
			isa = PBXShellScriptBuildPhase;
			buildActionMask = 2147483647;
			files = (
			);
			inputFileListPaths = (
			);
			inputPaths = (
				"${PODS_PODFILE_DIR_PATH}/Podfile.lock",
				"${PODS_ROOT}/Manifest.lock",
			);
			name = "[CP] Check Pods Manifest.lock";
			outputFileListPaths = (
			);
			outputPaths = (
				"$(DERIVED_FILE_DIR)/Pods-CafeManager-checkManifestLockResult.txt",
			);
			runOnlyForDeploymentPostprocessing = 0;
			shellPath = /bin/sh;
			shellScript = "diff \"${PODS_PODFILE_DIR_PATH}/Podfile.lock\" \"${PODS_ROOT}/Manifest.lock\" > /dev/null\nif [ $? != 0 ] ; then\n    # print error to STDERR\n    echo \"error: The sandbox is not in sync with the Podfile.lock. Run 'pod install' or update your CocoaPods installation.\" >&2\n    exit 1\nfi\n# This output is used by Xcode 'outputs' to avoid re-running this script phase.\necho \"SUCCESS\" > \"${SCRIPT_OUTPUT_FILE_0}\"\n";
			showEnvVarsInLog = 0;
		};
		C604BE228F5D65B27B451609 /* [CP] Check Pods Manifest.lock */ = {
			isa = PBXShellScriptBuildPhase;
			buildActionMask = 2147483647;
			files = (
			);
			inputFileListPaths = (
			);
			inputPaths = (
				"${PODS_PODFILE_DIR_PATH}/Podfile.lock",
				"${PODS_ROOT}/Manifest.lock",
			);
			name = "[CP] Check Pods Manifest.lock";
			outputFileListPaths = (
			);
			outputPaths = (
				"$(DERIVED_FILE_DIR)/Pods-CafeManager-CafeManagerUITests-checkManifestLockResult.txt",
			);
			runOnlyForDeploymentPostprocessing = 0;
			shellPath = /bin/sh;
			shellScript = "diff \"${PODS_PODFILE_DIR_PATH}/Podfile.lock\" \"${PODS_ROOT}/Manifest.lock\" > /dev/null\nif [ $? != 0 ] ; then\n    # print error to STDERR\n    echo \"error: The sandbox is not in sync with the Podfile.lock. Run 'pod install' or update your CocoaPods installation.\" >&2\n    exit 1\nfi\n# This output is used by Xcode 'outputs' to avoid re-running this script phase.\necho \"SUCCESS\" > \"${SCRIPT_OUTPUT_FILE_0}\"\n";
			showEnvVarsInLog = 0;
		};
/* End PBXShellScriptBuildPhase section */

/* Begin PBXSourcesBuildPhase section */
		4FE182EE263871DC0020780A /* Sources */ = {
			isa = PBXSourcesBuildPhase;
			buildActionMask = 2147483647;
			files = (
				4F1C69C42639D7220023FB7F /* OrderDetailViewController.swift in Sources */,
				4F30941F2638FDAB00DC6293 /* DoubleUtils.swift in Sources */,
				4F6E541E2638802E00613F73 /* CustomTextField.swift in Sources */,
				4F1C69DD2639F6DC0023FB7F /* OrderItemTableViewCell.swift in Sources */,
				4F1C69C02639D6ED0023FB7F /* AccountViewController.swift in Sources */,
				4F3094362638FF9100DC6293 /* SessionManager.swift in Sources */,
				4F544FF1263AEE4D0023D026 /* ViewUtils.swift in Sources */,
				4F1C69B22639AEFD0023FB7F /* FirebaseOP.swift in Sources */,
				4F1C69BC2639D6B30023FB7F /* CategoryViewController.swift in Sources */,
				4F6E54262638804F00613F73 /* RoundButton.swift in Sources */,
				4FE182F6263871DC0020780A /* AppDelegate.swift in Sources */,
				4FC8CCFF26395D52004A1D85 /* CircularView.swift in Sources */,
				4F544FEF263AE5BE0023D026 /* PreviewViewController.swift in Sources */,
				4F3094312638FE1E00DC6293 /* InputFieldValidator.swift in Sources */,
				4F3094652639046E00DC6293 /* SignUpViewController.swift in Sources */,
				4F30946A2639047F00DC6293 /* ForgotPasswordViewController.swift in Sources */,
				4F6E54362638810200613F73 /* Constraints.swift in Sources */,
				4F544FEA263AC1F00023D026 /* OrderItemInfoTableViewCell.swift in Sources */,
				4F30945D2639046200DC6293 /* SignInViewController.swift in Sources */,
				4F6E54302638809D00613F73 /* SpacedLabel.swift in Sources */,
				4F1C69B62639BCD50023FB7F /* BaseViewController.swift in Sources */,
				4F1C69D92639F5300023FB7F /* CategoryTableViewCell.swift in Sources */,
				4F1C69BA2639D68E0023FB7F /* FoodViewController.swift in Sources */,
				4F544FE5263A6B6F0023D026 /* SampleViewController.swift in Sources */,
				4F544FE7263A8CBE0023D026 /* ImageFetcher.swift in Sources */,
				4F1C69BE2639D6C40023FB7F /* MenuViewController.swift in Sources */,
				4F545037263B3E210023D026 /* UpdateProfileViewController.swift in Sources */,
				4F3094452638FFFF00DC6293 /* ProgressHUD.swift in Sources */,
				4F30943B2638FFB600DC6293 /* PopupAlerts.swift in Sources */,
				4F30944A2639004400DC6293 /* EntityModel.swift in Sources */,
				4F544FED263ADEB50023D026 /* TableViewUtils.swift in Sources */,
				4F3094272638FDC500DC6293 /* DateUtil.swift in Sources */,
				4F545039263B3E330023D026 /* UpdatePasswordViewController.swift in Sources */,
				4F6E542B2638807500613F73 /* RoundImage.swift in Sources */,
				4F1C69C62639DE720023FB7F /* StoreViewController.swift in Sources */,
				4FE182F8263871DC0020780A /* SceneDelegate.swift in Sources */,
				4F30942C2638FDF300DC6293 /* TextFieldUtils.swift in Sources */,
				4F1C69D52639EE4D0023FB7F /* OrderSummaryCell.swift in Sources */,
				4F1C69D12639E9D70023FB7F /* FoodItemCell.swift in Sources */,
				4F3094402638FFDA00DC6293 /* NetworkMonitor.swift in Sources */,
				4F1C69C22639D70B0023FB7F /* OrderViewController.swift in Sources */,
				4F1C69C92639E8A30023FB7F /* CategoryCell.swift in Sources */,
			);
			runOnlyForDeploymentPostprocessing = 0;
		};
		4FE18304263871DE0020780A /* Sources */ = {
			isa = PBXSourcesBuildPhase;
			buildActionMask = 2147483647;
			files = (
				4FE1830D263871DE0020780A /* CafeManagerTests.swift in Sources */,
			);
			runOnlyForDeploymentPostprocessing = 0;
		};
		4FE1830F263871DE0020780A /* Sources */ = {
			isa = PBXSourcesBuildPhase;
			buildActionMask = 2147483647;
			files = (
				4FE18318263871DE0020780A /* CafeManagerUITests.swift in Sources */,
			);
			runOnlyForDeploymentPostprocessing = 0;
		};
/* End PBXSourcesBuildPhase section */

/* Begin PBXTargetDependency section */
		4FE1830A263871DE0020780A /* PBXTargetDependency */ = {
			isa = PBXTargetDependency;
			target = 4FE182F1263871DC0020780A /* CafeManager */;
			targetProxy = 4FE18309263871DE0020780A /* PBXContainerItemProxy */;
		};
		4FE18315263871DE0020780A /* PBXTargetDependency */ = {
			isa = PBXTargetDependency;
			target = 4FE182F1263871DC0020780A /* CafeManager */;
			targetProxy = 4FE18314263871DE0020780A /* PBXContainerItemProxy */;
		};
/* End PBXTargetDependency section */

/* Begin PBXVariantGroup section */
		4FE182FB263871DC0020780A /* Main.storyboard */ = {
			isa = PBXVariantGroup;
			children = (
				4FE182FC263871DC0020780A /* Base */,
			);
			name = Main.storyboard;
			sourceTree = "<group>";
		};
		4FE18300263871DE0020780A /* LaunchScreen.storyboard */ = {
			isa = PBXVariantGroup;
			children = (
				4FE18301263871DE0020780A /* Base */,
			);
			name = LaunchScreen.storyboard;
			sourceTree = "<group>";
		};
/* End PBXVariantGroup section */

/* Begin XCBuildConfiguration section */
		4FE1831A263871DE0020780A /* Debug */ = {
			isa = XCBuildConfiguration;
			buildSettings = {
				ALWAYS_SEARCH_USER_PATHS = NO;
				CLANG_ANALYZER_NONNULL = YES;
				CLANG_ANALYZER_NUMBER_OBJECT_CONVERSION = YES_AGGRESSIVE;
				CLANG_CXX_LANGUAGE_STANDARD = "gnu++14";
				CLANG_CXX_LIBRARY = "libc++";
				CLANG_ENABLE_MODULES = YES;
				CLANG_ENABLE_OBJC_ARC = YES;
				CLANG_ENABLE_OBJC_WEAK = YES;
				CLANG_WARN_BLOCK_CAPTURE_AUTORELEASING = YES;
				CLANG_WARN_BOOL_CONVERSION = YES;
				CLANG_WARN_COMMA = YES;
				CLANG_WARN_CONSTANT_CONVERSION = YES;
				CLANG_WARN_DEPRECATED_OBJC_IMPLEMENTATIONS = YES;
				CLANG_WARN_DIRECT_OBJC_ISA_USAGE = YES_ERROR;
				CLANG_WARN_DOCUMENTATION_COMMENTS = YES;
				CLANG_WARN_EMPTY_BODY = YES;
				CLANG_WARN_ENUM_CONVERSION = YES;
				CLANG_WARN_INFINITE_RECURSION = YES;
				CLANG_WARN_INT_CONVERSION = YES;
				CLANG_WARN_NON_LITERAL_NULL_CONVERSION = YES;
				CLANG_WARN_OBJC_IMPLICIT_RETAIN_SELF = YES;
				CLANG_WARN_OBJC_LITERAL_CONVERSION = YES;
				CLANG_WARN_OBJC_ROOT_CLASS = YES_ERROR;
				CLANG_WARN_QUOTED_INCLUDE_IN_FRAMEWORK_HEADER = YES;
				CLANG_WARN_RANGE_LOOP_ANALYSIS = YES;
				CLANG_WARN_STRICT_PROTOTYPES = YES;
				CLANG_WARN_SUSPICIOUS_MOVE = YES;
				CLANG_WARN_UNGUARDED_AVAILABILITY = YES_AGGRESSIVE;
				CLANG_WARN_UNREACHABLE_CODE = YES;
				CLANG_WARN__DUPLICATE_METHOD_MATCH = YES;
				COPY_PHASE_STRIP = NO;
				DEBUG_INFORMATION_FORMAT = dwarf;
				ENABLE_STRICT_OBJC_MSGSEND = YES;
				ENABLE_TESTABILITY = YES;
				GCC_C_LANGUAGE_STANDARD = gnu11;
				GCC_DYNAMIC_NO_PIC = NO;
				GCC_NO_COMMON_BLOCKS = YES;
				GCC_OPTIMIZATION_LEVEL = 0;
				GCC_PREPROCESSOR_DEFINITIONS = (
					"DEBUG=1",
					"$(inherited)",
				);
				GCC_WARN_64_TO_32_BIT_CONVERSION = YES;
				GCC_WARN_ABOUT_RETURN_TYPE = YES_ERROR;
				GCC_WARN_UNDECLARED_SELECTOR = YES;
				GCC_WARN_UNINITIALIZED_AUTOS = YES_AGGRESSIVE;
				GCC_WARN_UNUSED_FUNCTION = YES;
				GCC_WARN_UNUSED_VARIABLE = YES;
				IPHONEOS_DEPLOYMENT_TARGET = 14.4;
				MTL_ENABLE_DEBUG_INFO = INCLUDE_SOURCE;
				MTL_FAST_MATH = YES;
				ONLY_ACTIVE_ARCH = YES;
				SDKROOT = iphoneos;
				SWIFT_ACTIVE_COMPILATION_CONDITIONS = DEBUG;
				SWIFT_OPTIMIZATION_LEVEL = "-Onone";
			};
			name = Debug;
		};
		4FE1831B263871DE0020780A /* Release */ = {
			isa = XCBuildConfiguration;
			buildSettings = {
				ALWAYS_SEARCH_USER_PATHS = NO;
				CLANG_ANALYZER_NONNULL = YES;
				CLANG_ANALYZER_NUMBER_OBJECT_CONVERSION = YES_AGGRESSIVE;
				CLANG_CXX_LANGUAGE_STANDARD = "gnu++14";
				CLANG_CXX_LIBRARY = "libc++";
				CLANG_ENABLE_MODULES = YES;
				CLANG_ENABLE_OBJC_ARC = YES;
				CLANG_ENABLE_OBJC_WEAK = YES;
				CLANG_WARN_BLOCK_CAPTURE_AUTORELEASING = YES;
				CLANG_WARN_BOOL_CONVERSION = YES;
				CLANG_WARN_COMMA = YES;
				CLANG_WARN_CONSTANT_CONVERSION = YES;
				CLANG_WARN_DEPRECATED_OBJC_IMPLEMENTATIONS = YES;
				CLANG_WARN_DIRECT_OBJC_ISA_USAGE = YES_ERROR;
				CLANG_WARN_DOCUMENTATION_COMMENTS = YES;
				CLANG_WARN_EMPTY_BODY = YES;
				CLANG_WARN_ENUM_CONVERSION = YES;
				CLANG_WARN_INFINITE_RECURSION = YES;
				CLANG_WARN_INT_CONVERSION = YES;
				CLANG_WARN_NON_LITERAL_NULL_CONVERSION = YES;
				CLANG_WARN_OBJC_IMPLICIT_RETAIN_SELF = YES;
				CLANG_WARN_OBJC_LITERAL_CONVERSION = YES;
				CLANG_WARN_OBJC_ROOT_CLASS = YES_ERROR;
				CLANG_WARN_QUOTED_INCLUDE_IN_FRAMEWORK_HEADER = YES;
				CLANG_WARN_RANGE_LOOP_ANALYSIS = YES;
				CLANG_WARN_STRICT_PROTOTYPES = YES;
				CLANG_WARN_SUSPICIOUS_MOVE = YES;
				CLANG_WARN_UNGUARDED_AVAILABILITY = YES_AGGRESSIVE;
				CLANG_WARN_UNREACHABLE_CODE = YES;
				CLANG_WARN__DUPLICATE_METHOD_MATCH = YES;
				COPY_PHASE_STRIP = NO;
				DEBUG_INFORMATION_FORMAT = "dwarf-with-dsym";
				ENABLE_NS_ASSERTIONS = NO;
				ENABLE_STRICT_OBJC_MSGSEND = YES;
				GCC_C_LANGUAGE_STANDARD = gnu11;
				GCC_NO_COMMON_BLOCKS = YES;
				GCC_WARN_64_TO_32_BIT_CONVERSION = YES;
				GCC_WARN_ABOUT_RETURN_TYPE = YES_ERROR;
				GCC_WARN_UNDECLARED_SELECTOR = YES;
				GCC_WARN_UNINITIALIZED_AUTOS = YES_AGGRESSIVE;
				GCC_WARN_UNUSED_FUNCTION = YES;
				GCC_WARN_UNUSED_VARIABLE = YES;
				IPHONEOS_DEPLOYMENT_TARGET = 14.4;
				MTL_ENABLE_DEBUG_INFO = NO;
				MTL_FAST_MATH = YES;
				SDKROOT = iphoneos;
				SWIFT_COMPILATION_MODE = wholemodule;
				SWIFT_OPTIMIZATION_LEVEL = "-O";
				VALIDATE_PRODUCT = YES;
			};
			name = Release;
		};
		4FE1831D263871DE0020780A /* Debug */ = {
			isa = XCBuildConfiguration;
			baseConfigurationReference = 21E3C0CDBB3B775A3CC51090 /* Pods-CafeManager.debug.xcconfig */;
			buildSettings = {
				ASSETCATALOG_COMPILER_APPICON_NAME = AppIcon;
				ASSETCATALOG_COMPILER_GLOBAL_ACCENT_COLOR_NAME = AccentColor;
				CODE_SIGN_STYLE = Automatic;
				DEVELOPMENT_TEAM = 9CYSVYA95H;
				INFOPLIST_FILE = CafeManager/Info.plist;
				LD_RUNPATH_SEARCH_PATHS = (
					"$(inherited)",
					"@executable_path/Frameworks",
				);
				PRODUCT_BUNDLE_IDENTIFIER = com.hishd.CafeManager;
				PRODUCT_NAME = "$(TARGET_NAME)";
				SWIFT_VERSION = 5.0;
				TARGETED_DEVICE_FAMILY = 1;
			};
			name = Debug;
		};
		4FE1831E263871DE0020780A /* Release */ = {
			isa = XCBuildConfiguration;
			baseConfigurationReference = C25F2EC656557422F85745A2 /* Pods-CafeManager.release.xcconfig */;
			buildSettings = {
				ASSETCATALOG_COMPILER_APPICON_NAME = AppIcon;
				ASSETCATALOG_COMPILER_GLOBAL_ACCENT_COLOR_NAME = AccentColor;
				CODE_SIGN_STYLE = Automatic;
				DEVELOPMENT_TEAM = 9CYSVYA95H;
				INFOPLIST_FILE = CafeManager/Info.plist;
				LD_RUNPATH_SEARCH_PATHS = (
					"$(inherited)",
					"@executable_path/Frameworks",
				);
				PRODUCT_BUNDLE_IDENTIFIER = com.hishd.CafeManager;
				PRODUCT_NAME = "$(TARGET_NAME)";
				SWIFT_VERSION = 5.0;
				TARGETED_DEVICE_FAMILY = 1;
			};
			name = Release;
		};
		4FE18320263871DE0020780A /* Debug */ = {
			isa = XCBuildConfiguration;
			baseConfigurationReference = A4BF2F4303A58C693378EA69 /* Pods-CafeManagerTests.debug.xcconfig */;
			buildSettings = {
				ALWAYS_EMBED_SWIFT_STANDARD_LIBRARIES = YES;
				BUNDLE_LOADER = "$(TEST_HOST)";
				CODE_SIGN_STYLE = Automatic;
				DEVELOPMENT_TEAM = 9CYSVYA95H;
				INFOPLIST_FILE = CafeManagerTests/Info.plist;
				IPHONEOS_DEPLOYMENT_TARGET = 14.4;
				LD_RUNPATH_SEARCH_PATHS = (
					"$(inherited)",
					"@executable_path/Frameworks",
					"@loader_path/Frameworks",
				);
				PRODUCT_BUNDLE_IDENTIFIER = com.hishd.CafeManagerTests;
				PRODUCT_NAME = "$(TARGET_NAME)";
				SWIFT_VERSION = 5.0;
				TARGETED_DEVICE_FAMILY = "1,2";
				TEST_HOST = "$(BUILT_PRODUCTS_DIR)/CafeManager.app/CafeManager";
			};
			name = Debug;
		};
		4FE18321263871DE0020780A /* Release */ = {
			isa = XCBuildConfiguration;
			baseConfigurationReference = ED1CADF40EE21932448530DB /* Pods-CafeManagerTests.release.xcconfig */;
			buildSettings = {
				ALWAYS_EMBED_SWIFT_STANDARD_LIBRARIES = YES;
				BUNDLE_LOADER = "$(TEST_HOST)";
				CODE_SIGN_STYLE = Automatic;
				DEVELOPMENT_TEAM = 9CYSVYA95H;
				INFOPLIST_FILE = CafeManagerTests/Info.plist;
				IPHONEOS_DEPLOYMENT_TARGET = 14.4;
				LD_RUNPATH_SEARCH_PATHS = (
					"$(inherited)",
					"@executable_path/Frameworks",
					"@loader_path/Frameworks",
				);
				PRODUCT_BUNDLE_IDENTIFIER = com.hishd.CafeManagerTests;
				PRODUCT_NAME = "$(TARGET_NAME)";
				SWIFT_VERSION = 5.0;
				TARGETED_DEVICE_FAMILY = "1,2";
				TEST_HOST = "$(BUILT_PRODUCTS_DIR)/CafeManager.app/CafeManager";
			};
			name = Release;
		};
		4FE18323263871DE0020780A /* Debug */ = {
			isa = XCBuildConfiguration;
			baseConfigurationReference = 64B89CF4421F960492483852 /* Pods-CafeManager-CafeManagerUITests.debug.xcconfig */;
			buildSettings = {
				ALWAYS_EMBED_SWIFT_STANDARD_LIBRARIES = YES;
				CODE_SIGN_STYLE = Automatic;
				DEVELOPMENT_TEAM = 9CYSVYA95H;
				INFOPLIST_FILE = CafeManagerUITests/Info.plist;
				LD_RUNPATH_SEARCH_PATHS = (
					"$(inherited)",
					"@executable_path/Frameworks",
					"@loader_path/Frameworks",
				);
				PRODUCT_BUNDLE_IDENTIFIER = com.hishd.CafeManagerUITests;
				PRODUCT_NAME = "$(TARGET_NAME)";
				SWIFT_VERSION = 5.0;
				TARGETED_DEVICE_FAMILY = "1,2";
				TEST_TARGET_NAME = CafeManager;
			};
			name = Debug;
		};
		4FE18324263871DE0020780A /* Release */ = {
			isa = XCBuildConfiguration;
			baseConfigurationReference = AA0FF48290D8F85BAC9341BB /* Pods-CafeManager-CafeManagerUITests.release.xcconfig */;
			buildSettings = {
				ALWAYS_EMBED_SWIFT_STANDARD_LIBRARIES = YES;
				CODE_SIGN_STYLE = Automatic;
				DEVELOPMENT_TEAM = 9CYSVYA95H;
				INFOPLIST_FILE = CafeManagerUITests/Info.plist;
				LD_RUNPATH_SEARCH_PATHS = (
					"$(inherited)",
					"@executable_path/Frameworks",
					"@loader_path/Frameworks",
				);
				PRODUCT_BUNDLE_IDENTIFIER = com.hishd.CafeManagerUITests;
				PRODUCT_NAME = "$(TARGET_NAME)";
				SWIFT_VERSION = 5.0;
				TARGETED_DEVICE_FAMILY = "1,2";
				TEST_TARGET_NAME = CafeManager;
			};
			name = Release;
		};
/* End XCBuildConfiguration section */

/* Begin XCConfigurationList section */
		4FE182ED263871DC0020780A /* Build configuration list for PBXProject "CafeManager" */ = {
			isa = XCConfigurationList;
			buildConfigurations = (
				4FE1831A263871DE0020780A /* Debug */,
				4FE1831B263871DE0020780A /* Release */,
			);
			defaultConfigurationIsVisible = 0;
			defaultConfigurationName = Release;
		};
		4FE1831C263871DE0020780A /* Build configuration list for PBXNativeTarget "CafeManager" */ = {
			isa = XCConfigurationList;
			buildConfigurations = (
				4FE1831D263871DE0020780A /* Debug */,
				4FE1831E263871DE0020780A /* Release */,
			);
			defaultConfigurationIsVisible = 0;
			defaultConfigurationName = Release;
		};
		4FE1831F263871DE0020780A /* Build configuration list for PBXNativeTarget "CafeManagerTests" */ = {
			isa = XCConfigurationList;
			buildConfigurations = (
				4FE18320263871DE0020780A /* Debug */,
				4FE18321263871DE0020780A /* Release */,
			);
			defaultConfigurationIsVisible = 0;
			defaultConfigurationName = Release;
		};
		4FE18322263871DE0020780A /* Build configuration list for PBXNativeTarget "CafeManagerUITests" */ = {
			isa = XCConfigurationList;
			buildConfigurations = (
				4FE18323263871DE0020780A /* Debug */,
				4FE18324263871DE0020780A /* Release */,
			);
			defaultConfigurationIsVisible = 0;
			defaultConfigurationName = Release;
		};
/* End XCConfigurationList section */
	};
	rootObject = 4FE182EA263871DC0020780A /* Project object */;
}
